
Microsoft Visual Studio Solution File, Format Version 12.00
# Visual Studio Version 17
VisualStudioVersion = 17.1.32421.90
MinimumVisualStudioVersion = 10.0.40219.1
Project("{FAE04EC0-301F-11D3-BF4B-00C04F79EFBC}") = "LINQ.MastersKeyLib", "LINQ.MastersKeyLib\LINQ.MastersKeyLib.csproj", "{97D2B0E8-77CF-4C9D-998C-D38A14C8E201}"
EndProject
Global
	GlobalSection(SolutionConfigurationPlatforms) = preSolution
		Debug|Any CPU = Debug|Any CPU
		Release|Any CPU = Release|Any CPU
	EndGlobalSection
	GlobalSection(ProjectConfigurationPlatforms) = postSolution
		{97D2B0E8-77CF-4C9D-998C-D38A14C8E201}.Debug|Any CPU.ActiveCfg = Debug|Any CPU
		{97D2B0E8-77CF-4C9D-998C-D38A14C8E201}.Debug|Any CPU.Build.0 = Debug|Any CPU
		{97D2B0E8-77CF-4C9D-998C-D38A14C8E201}.Release|Any CPU.ActiveCfg = Release|Any CPU
		{97D2B0E8-77CF-4C9D-998C-D38A14C8E201}.Release|Any CPU.Build.0 = Release|Any CPU
	EndGlobalSection
	GlobalSection(SolutionProperties) = preSolution
		HideSolutionNode = FALSE
	EndGlobalSection
	GlobalSection(ExtensibilityGlobals) = postSolution
		SolutionGuid = {6094369F-C0AA-48F7-A123-DAA9B2548FC0}
	EndGlobalSection
EndGlobal
